# THIS IS AN AUTOGENERATED FILE. DO NOT EDIT THIS FILE DIRECTLY.
# yarn lockfile v1
"@types/es6-promise":
  version "0.0.32"
  resolved "https://registry.yarnpkg.com/@types/es6-promise/-/es6-promise-0.0.32.tgz#3bcf44fb1e429f3df76188c8c6d874463ba371fd"

"@types/iconv@^2.1.15":
  version "2.1.15"
  resolved "https://registry.yarnpkg.com/@types/iconv/-/iconv-2.1.15.tgz#01c4832c393140810fa181b5b5b214e7b0a06d27"
  dependencies:
    "@types/node" "*"

"@types/koa-compose@^3.2.0":
  version "3.2.0"
  resolved "https://registry.yarnpkg.com/@types/koa-compose/-/koa-compose-3.2.0.tgz#9cb907923f33da1b14c564eaa7e63d8ea38b65ff"

"@types/node@*", "@types/node@^7.0.5":
  version "7.0.5"
  resolved "https://registry.yarnpkg.com/@types/node/-/node-7.0.5.tgz#96a0f0a618b7b606f1ec547403c00650210bfbb7"

any-promise@^1.1.0:
  version "1.3.0"
  resolved "https://registry.yarnpkg.com/any-promise/-/any-promise-1.3.0.tgz#abc6afeedcea52e809cdc0376aed3ce39635d17f"

co@^4.6.0:
  version "4.6.0"
  resolved "https://registry.yarnpkg.com/co/-/co-4.6.0.tgz#6ea6bdf3d853ae54ccb8e47bfa0bf3f9031fb184"

iconv:
  version "2.2.1"
  resolved "https://registry.yarnpkg.com/iconv/-/iconv-2.2.1.tgz#39b13fdd98987d26aef26c0a2f2a900911fa4584"
  dependencies:
    nan "^2.3.5"

is-generator-function:
  version "1.0.3"
  resolved "https://registry.yarnpkg.com/is-generator-function/-/is-generator-function-1.0.3.tgz#d374ca57e807444fa2658be3728ed6b174b326b1"

isarray@0.0.1:
  version "0.0.1"
  resolved "https://registry.yarnpkg.com/isarray/-/isarray-0.0.1.tgz#8a18acfca9a8f4177e09abfc6038939b05d1eedf"

koa-compose@^3.0.0:
  version "3.2.1"
  resolved "https://registry.yarnpkg.com/koa-compose/-/koa-compose-3.2.1.tgz#a85ccb40b7d986d8e5a345b3a1ace8eabcf54de7"
  dependencies:
    any-promise "^1.1.0"

koa-compose@3.0.0:
  version "3.0.0"
  resolved "https://registry.yarnpkg.com/koa-compose/-/koa-compose-3.0.0.tgz#69455650bcaf7b79355bd950dfd8700843e485d0"

koa-convert:
  version "1.2.0"
  resolved "https://registry.yarnpkg.com/koa-convert/-/koa-convert-1.2.0.tgz#da40875df49de0539098d1700b50820cebcd21d0"
  dependencies:
    co "^4.6.0"
    koa-compose "^3.0.0"

nan@^2.3.5:
  version "2.4.0"
  resolved "https://registry.yarnpkg.com/nan/-/nan-2.4.0.tgz#fb3c59d45fe4effe215f0b890f8adf6eb32d2232"

path-to-regexp:
  version "1.6.0"
  resolved "https://registry.yarnpkg.com/path-to-regexp/-/path-to-regexp-1.6.0.tgz#4c59cfeab5e360a2657b180730a4bb4582ecec5b"
  dependencies:
    isarray "0.0.1"

typescript:
  version "2.1.6"
  resolved "https://registry.yarnpkg.com/typescript/-/typescript-2.1.6.tgz#40c7e6e9e5da7961b7718b55505f9cac9487a607"

