# THIS IS AN AUTOGENERATED FILE. DO NOT EDIT THIS FILE DIRECTLY.
# yarn lockfile v1
"@types/es6-promise":
  version "0.0.32"
  resolved "https://registry.yarnpkg.com/@types/es6-promise/-/es6-promise-0.0.32.tgz#3bcf44fb1e429f3df76188c8c6d874463ba371fd"

"@types/iconv@^2.1.15":
  version "2.1.15"
  resolved "https://registry.yarnpkg.com/@types/iconv/-/iconv-2.1.15.tgz#01c4832c393140810fa181b5b5b214e7b0a06d27"
  dependencies:
    "@types/node" "*"

"@types/koa-compose@^3.2.0":
  version "3.2.0"
  resolved "https://registry.yarnpkg.com/@types/koa-compose/-/koa-compose-3.2.0.tgz#9cb907923f33da1b14c564eaa7e63d8ea38b65ff"

"@types/node@*", "@types/node@^7.0.5":
  version "7.0.5"
  resolved "https://registry.yarnpkg.com/@types/node/-/node-7.0.5.tgz#96a0f0a618b7b606f1ec547403c00650210bfbb7"

iconv:
  version "2.2.1"
  resolved "https://registry.yarnpkg.com/iconv/-/iconv-2.2.1.tgz#39b13fdd98987d26aef26c0a2f2a900911fa4584"
  dependencies:
    nan "^2.3.5"

nan@^2.3.5:
  version "2.4.0"
  resolved "https://registry.yarnpkg.com/nan/-/nan-2.4.0.tgz#fb3c59d45fe4effe215f0b890f8adf6eb32d2232"

typescript:
  version "2.1.6"
  resolved "https://registry.yarnpkg.com/typescript/-/typescript-2.1.6.tgz#40c7e6e9e5da7961b7718b55505f9cac9487a607"

